
Microsoft Visual Studio Solution File, Format Version 12.00
# Visual Studio 15
VisualStudioVersion = 15.0.26228.12
MinimumVisualStudioVersion = 10.0.40219.1
Project("{8BC9CEB8-8B4A-11D0-8D11-00A0C91BC942}") = "SSTIC_VM_Unrolled", "SSTIC_VM_Unrolled\SSTIC_VM_Unrolled.vcxproj", "{D32C30D3-A1E4-40A2-A998-1D5BD6364A7A}"
EndProject
Global
	GlobalSection(SolutionConfigurationPlatforms) = preSolution
		Debug|x64 = Debug|x64
		Debug|x86 = Debug|x86
		Release|x64 = Release|x64
		Release|x86 = Release|x86
	EndGlobalSection
	GlobalSection(ProjectConfigurationPlatforms) = postSolution
		{D32C30D3-A1E4-40A2-A998-1D5BD6364A7A}.Debug|x64.ActiveCfg = Debug|x64
		{D32C30D3-A1E4-40A2-A998-1D5BD6364A7A}.Debug|x64.Build.0 = Debug|x64
		{D32C30D3-A1E4-40A2-A998-1D5BD6364A7A}.Debug|x86.ActiveCfg = Debug|Win32
		{D32C30D3-A1E4-40A2-A998-1D5BD6364A7A}.Debug|x86.Build.0 = Debug|Win32
		{D32C30D3-A1E4-40A2-A998-1D5BD6364A7A}.Release|x64.ActiveCfg = Release|x64
		{D32C30D3-A1E4-40A2-A998-1D5BD6364A7A}.Release|x64.Build.0 = Release|x64
		{D32C30D3-A1E4-40A2-A998-1D5BD6364A7A}.Release|x86.ActiveCfg = Release|Win32
		{D32C30D3-A1E4-40A2-A998-1D5BD6364A7A}.Release|x86.Build.0 = Release|Win32
	EndGlobalSection
	GlobalSection(SolutionProperties) = preSolution
		HideSolutionNode = FALSE
	EndGlobalSection
EndGlobal
